// !$*UTF8*$!
{
	archiveVersion = 1;
	classes = {
	};
	objectVersion = 46;
	objects = {

/* Begin PBXBuildFile section */
		470D31BD1DC08275002A5511 /* main.m in Sources */ = {isa = PBXBuildFile; fileRef = 470D31BC1DC08275002A5511 /* main.m */; };
		470D31C51DC082F3002A5511 /* RunLoop.m in Sources */ = {isa = PBXBuildFile; fileRef = 470D31C41DC082F3002A5511 /* RunLoop.m */; };
/* End PBXBuildFile section */

/* Begin PBXCopyFilesBuildPhase section */
		470D31B71DC08275002A5511 /* CopyFiles */ = {
			isa = PBXCopyFilesBuildPhase;
			buildActionMask = 2147483647;
			dstPath = /usr/share/man/man1/;
			dstSubfolderSpec = 0;
			files = (
			);
			runOnlyForDeploymentPostprocessing = 1;
		};
/* End PBXCopyFilesBuildPhase section */

/* Begin PBXFileReference section */
		470D31B91DC08275002A5511 /* NSRunloop */ = {isa = PBXFileReference; explicitFileType = "compiled.mach-o.executable"; includeInIndex = 0; path = NSRunloop; sourceTree = BUILT_PRODUCTS_DIR; };
		470D31BC1DC08275002A5511 /* main.m */ = {isa = PBXFileReference; lastKnownFileType = sourcecode.c.objc; path = main.m; sourceTree = "<group>"; };
		470D31C31DC082F3002A5511 /* RunLoop.h */ = {isa = PBXFileReference; fileEncoding = 4; lastKnownFileType = sourcecode.c.h; path = RunLoop.h; sourceTree = "<group>"; };
		470D31C41DC082F3002A5511 /* RunLoop.m */ = {isa = PBXFileReference; fileEncoding = 4; lastKnownFileType = sourcecode.c.objc; path = RunLoop.m; sourceTree = "<group>"; };
/* End PBXFileReference section */

/* Begin PBXFrameworksBuildPhase section */
		470D31B61DC08275002A5511 /* Frameworks */ = {
			isa = PBXFrameworksBuildPhase;
			buildActionMask = 2147483647;
			files = (
			);
			runOnlyForDeploymentPostprocessing = 0;
		};
/* End PBXFrameworksBuildPhase section */

/* Begin PBXGroup section */
		470D31B01DC08275002A5511 = {
			isa = PBXGroup;
			children = (
				470D31BB1DC08275002A5511 /* NSRunloop */,
				470D31BA1DC08275002A5511 /* Products */,
			);
			sourceTree = "<group>";
		};
		470D31BA1DC08275002A5511 /* Products */ = {
			isa = PBXGroup;
			children = (
				470D31B91DC08275002A5511 /* NSRunloop */,
			);
			name = Products;
			sourceTree = "<group>";
		};
		470D31BB1DC08275002A5511 /* NSRunloop */ = {
			isa = PBXGroup;
			children = (
				470D31BC1DC08275002A5511 /* main.m */,
				470D31C31DC082F3002A5511 /* RunLoop.h */,
				470D31C41DC082F3002A5511 /* RunLoop.m */,
			);
			path = NSRunloop;
			sourceTree = "<group>";
		};
/* End PBXGroup section */

/* Begin PBXNativeTarget section */
		470D31B81DC08275002A5511 /* NSRunloop */ = {
			isa = PBXNativeTarget;
			buildConfigurationList = 470D31C01DC08275002A5511 /* Build configuration list for PBXNativeTarget "NSRunloop" */;
			buildPhases = (
				470D31B51DC08275002A5511 /* Sources */,
				470D31B61DC08275002A5511 /* Frameworks */,
				470D31B71DC08275002A5511 /* CopyFiles */,
			);
			buildRules = (
			);
			dependencies = (
			);
			name = NSRunloop;
			productName = NSRunloop;
			productReference = 470D31B91DC08275002A5511 /* NSRunloop */;
			productType = "com.apple.product-type.tool";
		};
/* End PBXNativeTarget section */

/* Begin PBXProject section */
		470D31B11DC08275002A5511 /* Project object */ = {
			isa = PBXProject;
			attributes = {
				LastUpgradeCheck = 0800;
				ORGANIZATIONNAME = "Seoksoon Jang";
				TargetAttributes = {
					470D31B81DC08275002A5511 = {
						CreatedOnToolsVersion = 8.0;
						DevelopmentTeam = HEGJVBK4RD;
						ProvisioningStyle = Automatic;
					};
				};
			};
			buildConfigurationList = 470D31B41DC08275002A5511 /* Build configuration list for PBXProject "NSRunloop" */;
			compatibilityVersion = "Xcode 3.2";
			developmentRegion = English;
			hasScannedForEncodings = 0;
			knownRegions = (
				en,
			);
			mainGroup = 470D31B01DC08275002A5511;
			productRefGroup = 470D31BA1DC08275002A5511 /* Products */;
			projectDirPath = "";
			projectRoot = "";
			targets = (
				470D31B81DC08275002A5511 /* NSRunloop */,
			);
		};
/* End PBXProject section */

/* Begin PBXSourcesBuildPhase section */
		470D31B51DC08275002A5511 /* Sources */ = {
			isa = PBXSourcesBuildPhase;
			buildActionMask = 2147483647;
			files = (
				470D31BD1DC08275002A5511 /* main.m in Sources */,
				470D31C51DC082F3002A5511 /* RunLoop.m in Sources */,
			);
			runOnlyForDeploymentPostprocessing = 0;
		};
/* End PBXSourcesBuildPhase section */

/* Begin XCBuildConfiguration section */
		470D31BE1DC08275002A5511 /* Debug */ = {
			isa = XCBuildConfiguration;
			buildSettings = {
				ALWAYS_SEARCH_USER_PATHS = NO;
				CLANG_ANALYZER_NONNULL = YES;
				CLANG_CXX_LANGUAGE_STANDARD = "gnu++0x";
				CLANG_CXX_LIBRARY = "libc++";
				CLANG_ENABLE_MODULES = YES;
				CLANG_ENABLE_OBJC_ARC = YES;
				CLANG_WARN_BOOL_CONVERSION = YES;
				CLANG_WARN_CONSTANT_CONVERSION = YES;
				CLANG_WARN_DIRECT_OBJC_ISA_USAGE = YES_ERROR;
				CLANG_WARN_DOCUMENTATION_COMMENTS = YES;
				CLANG_WARN_EMPTY_BODY = YES;
				CLANG_WARN_ENUM_CONVERSION = YES;
				CLANG_WARN_INFINITE_RECURSION = YES;
				CLANG_WARN_INT_CONVERSION = YES;
				CLANG_WARN_OBJC_ROOT_CLASS = YES_ERROR;
				CLANG_WARN_SUSPICIOUS_MOVES = YES;
				CLANG_WARN_UNREACHABLE_CODE = YES;
				CLANG_WARN__DUPLICATE_METHOD_MATCH = YES;
				CODE_SIGN_IDENTITY = "-";
				COPY_PHASE_STRIP = NO;
				DEBUG_INFORMATION_FORMAT = dwarf;
				ENABLE_STRICT_OBJC_MSGSEND = YES;
				ENABLE_TESTABILITY = YES;
				GCC_C_LANGUAGE_STANDARD = gnu99;
				GCC_DYNAMIC_NO_PIC = NO;
				GCC_NO_COMMON_BLOCKS = YES;
				GCC_OPTIMIZATION_LEVEL = 0;
				GCC_PREPROCESSOR_DEFINITIONS = (
					"DEBUG=1",
					"$(inherited)",
				);
				GCC_WARN_64_TO_32_BIT_CONVERSION = YES;
				GCC_WARN_ABOUT_RETURN_TYPE = YES_ERROR;
				GCC_WARN_UNDECLARED_SELECTOR = YES;
				GCC_WARN_UNINITIALIZED_AUTOS = YES_AGGRESSIVE;
				GCC_WARN_UNUSED_FUNCTION = YES;
				GCC_WARN_UNUSED_VARIABLE = YES;
				MACOSX_DEPLOYMENT_TARGET = 10.12;
				MTL_ENABLE_DEBUG_INFO = YES;
				ONLY_ACTIVE_ARCH = YES;
				SDKROOT = macosx;
			};
			name = Debug;
		};
		470D31BF1DC08275002A5511 /* Release */ = {
			isa = XCBuildConfiguration;
			buildSettings = {
				ALWAYS_SEARCH_USER_PATHS = NO;
				CLANG_ANALYZER_NONNULL = YES;
				CLANG_CXX_LANGUAGE_STANDARD = "gnu++0x";
				CLANG_CXX_LIBRARY = "libc++";
				CLANG_ENABLE_MODULES = YES;
				CLANG_ENABLE_OBJC_ARC = YES;
				CLANG_WARN_BOOL_CONVERSION = YES;
				CLANG_WARN_CONSTANT_CONVERSION = YES;
				CLANG_WARN_DIRECT_OBJC_ISA_USAGE = YES_ERROR;
				CLANG_WARN_DOCUMENTATION_COMMENTS = YES;
				CLANG_WARN_EMPTY_BODY = YES;
				CLANG_WARN_ENUM_CONVERSION = YES;
				CLANG_WARN_INFINITE_RECURSION = YES;
				CLANG_WARN_INT_CONVERSION = YES;
				CLANG_WARN_OBJC_ROOT_CLASS = YES_ERROR;
				CLANG_WARN_SUSPICIOUS_MOVES = YES;
				CLANG_WARN_UNREACHABLE_CODE = YES;
				CLANG_WARN__DUPLICATE_METHOD_MATCH = YES;
				CODE_SIGN_IDENTITY = "-";
				COPY_PHASE_STRIP = NO;
				DEBUG_INFORMATION_FORMAT = "dwarf-with-dsym";
				ENABLE_NS_ASSERTIONS = NO;
				ENABLE_STRICT_OBJC_MSGSEND = YES;
				GCC_C_LANGUAGE_STANDARD = gnu99;
				GCC_NO_COMMON_BLOCKS = YES;
				GCC_WARN_64_TO_32_BIT_CONVERSION = YES;
				GCC_WARN_ABOUT_RETURN_TYPE = YES_ERROR;
				GCC_WARN_UNDECLARED_SELECTOR = YES;
				GCC_WARN_UNINITIALIZED_AUTOS = YES_AGGRESSIVE;
				GCC_WARN_UNUSED_FUNCTION = YES;
				GCC_WARN_UNUSED_VARIABLE = YES;
				MACOSX_DEPLOYMENT_TARGET = 10.12;
				MTL_ENABLE_DEBUG_INFO = NO;
				SDKROOT = macosx;
			};
			name = Release;
		};
		470D31C11DC08275002A5511 /* Debug */ = {
			isa = XCBuildConfiguration;
			buildSettings = {
				DEVELOPMENT_TEAM = HEGJVBK4RD;
				PRODUCT_NAME = "$(TARGET_NAME)";
			};
			name = Debug;
		};
		470D31C21DC08275002A5511 /* Release */ = {
			isa = XCBuildConfiguration;
			buildSettings = {
				DEVELOPMENT_TEAM = HEGJVBK4RD;
				PRODUCT_NAME = "$(TARGET_NAME)";
			};
			name = Release;
		};
/* End XCBuildConfiguration section */

/* Begin XCConfigurationList section */
		470D31B41DC08275002A5511 /* Build configuration list for PBXProject "NSRunloop" */ = {
			isa = XCConfigurationList;
			buildConfigurations = (
				470D31BE1DC08275002A5511 /* Debug */,
				470D31BF1DC08275002A5511 /* Release */,
			);
			defaultConfigurationIsVisible = 0;
			defaultConfigurationName = Release;
		};
		470D31C01DC08275002A5511 /* Build configuration list for PBXNativeTarget "NSRunloop" */ = {
			isa = XCConfigurationList;
			buildConfigurations = (
				470D31C11DC08275002A5511 /* Debug */,
				470D31C21DC08275002A5511 /* Release */,
			);
			defaultConfigurationIsVisible = 0;
		};
/* End XCConfigurationList section */
	};
	rootObject = 470D31B11DC08275002A5511 /* Project object */;
}
