PODS:
  - Realm (3.13.1):
    - Realm/Headers (= 3.13.1)
  - Realm/Headers (3.13.1)

DEPENDENCIES:
  - Realm

SPEC REPOS:
  https://github.com/cocoapods/specs.git:
    - Realm

SPEC CHECKSUMS:
  Realm: 50071da38fe079e0735e47c9f2eae738c68c5996

PODFILE CHECKSUM: 177b1c86eb0e137e6981046cce6ed0de2e6cb17a

COCOAPODS: 1.6.0
